
Microsoft Visual Studio Solution File, Format Version 12.00
# Visual Studio 15
VisualStudioVersion = 15.0.28307.489
MinimumVisualStudioVersion = 10.0.40219.1
Project("{FAE04EC0-301F-11D3-BF4B-00C04F79EFBC}") = "ConsoleRestClient", "ConsoleRestClient\ConsoleRestClient.csproj", "{B9CB3E20-950C-4221-977F-10479DA0D2A6}"
EndProject
Global
	GlobalSection(SolutionConfigurationPlatforms) = preSolution
		Debug|Any CPU = Debug|Any CPU
		Release|Any CPU = Release|Any CPU
	EndGlobalSection
	GlobalSection(ProjectConfigurationPlatforms) = postSolution
		{B9CB3E20-950C-4221-977F-10479DA0D2A6}.Debug|Any CPU.ActiveCfg = Debug|Any CPU
		{B9CB3E20-950C-4221-977F-10479DA0D2A6}.Debug|Any CPU.Build.0 = Debug|Any CPU
		{B9CB3E20-950C-4221-977F-10479DA0D2A6}.Release|Any CPU.ActiveCfg = Release|Any CPU
		{B9CB3E20-950C-4221-977F-10479DA0D2A6}.Release|Any CPU.Build.0 = Release|Any CPU
	EndGlobalSection
	GlobalSection(SolutionProperties) = preSolution
		HideSolutionNode = FALSE
	EndGlobalSection
	GlobalSection(ExtensibilityGlobals) = postSolution
		SolutionGuid = {768E76C0-064A-41F5-80EA-15E80FA7875C}
	EndGlobalSection
EndGlobal
